// !$*UTF8*$!
{
	archiveVersion = 1;
	classes = {
	};
	objectVersion = 55;
	objects = {

/* Begin PBXBuildFile section */
		AC08C0FD288643FA0097B34C /* TrendViewController.swift in Sources */ = {isa = PBXBuildFile; fileRef = AC08C0FC288643FA0097B34C /* TrendViewController.swift */; };
		AC08C0FF2886440D0097B34C /* SearchViewController.swift in Sources */ = {isa = PBXBuildFile; fileRef = AC08C0FE2886440D0097B34C /* SearchViewController.swift */; };
		AC08C101288645310097B34C /* UIViewController+Extension.swift in Sources */ = {isa = PBXBuildFile; fileRef = AC08C100288645310097B34C /* UIViewController+Extension.swift */; };
		AC08C1032886478E0097B34C /* UITextFeild+Extension.swift in Sources */ = {isa = PBXBuildFile; fileRef = AC08C1022886478E0097B34C /* UITextFeild+Extension.swift */; };
		AC08C10528864B9B0097B34C /* BucketTableViewController.swift in Sources */ = {isa = PBXBuildFile; fileRef = AC08C10428864B9B0097B34C /* BucketTableViewController.swift */; };
		AC08C10728864D990097B34C /* BucketlistTableViewCell.swift in Sources */ = {isa = PBXBuildFile; fileRef = AC08C10628864D990097B34C /* BucketlistTableViewCell.swift */; };
		AC17578928869AE400B61D0D /* Shopping.storyboard in Resources */ = {isa = PBXBuildFile; fileRef = AC17578828869AE400B61D0D /* Shopping.storyboard */; };
		AC17578B28869B1200B61D0D /* ShoppingTableViewController.swift in Sources */ = {isa = PBXBuildFile; fileRef = AC17578A28869B1200B61D0D /* ShoppingTableViewController.swift */; };
		AC605C822884DDF30023D46F /* AppDelegate.swift in Sources */ = {isa = PBXBuildFile; fileRef = AC605C812884DDF30023D46F /* AppDelegate.swift */; };
		AC605C842884DDF30023D46F /* SceneDelegate.swift in Sources */ = {isa = PBXBuildFile; fileRef = AC605C832884DDF30023D46F /* SceneDelegate.swift */; };
		AC605C862884DDF30023D46F /* ViewController.swift in Sources */ = {isa = PBXBuildFile; fileRef = AC605C852884DDF30023D46F /* ViewController.swift */; };
		AC605C892884DDF30023D46F /* Main.storyboard in Resources */ = {isa = PBXBuildFile; fileRef = AC605C872884DDF30023D46F /* Main.storyboard */; };
		AC605C8B2884DDF40023D46F /* Assets.xcassets in Resources */ = {isa = PBXBuildFile; fileRef = AC605C8A2884DDF40023D46F /* Assets.xcassets */; };
		AC605C8E2884DDF40023D46F /* LaunchScreen.storyboard in Resources */ = {isa = PBXBuildFile; fileRef = AC605C8C2884DDF40023D46F /* LaunchScreen.storyboard */; };
		AC605C962884F10D0023D46F /* Home.storyboard in Resources */ = {isa = PBXBuildFile; fileRef = AC605C952884F10D0023D46F /* Home.storyboard */; };
		AC605C982884FE390023D46F /* HomeTableViewController.swift in Sources */ = {isa = PBXBuildFile; fileRef = AC605C972884FE390023D46F /* HomeTableViewController.swift */; };
		AC8B76C4288787190054A46F /* PracticeTableViewController.swift in Sources */ = {isa = PBXBuildFile; fileRef = AC8B76C3288787190054A46F /* PracticeTableViewController.swift */; };
		AC8B76C62887876D0054A46F /* PracticeTableViewCell.swift in Sources */ = {isa = PBXBuildFile; fileRef = AC8B76C52887876D0054A46F /* PracticeTableViewCell.swift */; };
		AC8B76C828878CAA0054A46F /* Practice_Movie.swift in Sources */ = {isa = PBXBuildFile; fileRef = AC8B76C728878CAA0054A46F /* Practice_Movie.swift */; };
		AC8B76CA288795350054A46F /* MovieInfo.swift in Sources */ = {isa = PBXBuildFile; fileRef = AC8B76C9288795350054A46F /* MovieInfo.swift */; };
		AC8B76CC28879AB40054A46F /* RecommendCollectionViewController.swift in Sources */ = {isa = PBXBuildFile; fileRef = AC8B76CB28879AB40054A46F /* RecommendCollectionViewController.swift */; };
		AC8B76CE28879DFF0054A46F /* RecommendCollectionViewCell.swift in Sources */ = {isa = PBXBuildFile; fileRef = AC8B76CD28879DFF0054A46F /* RecommendCollectionViewCell.swift */; };
		AC8B76D12887AE6E0054A46F /* Kingfisher in Frameworks */ = {isa = PBXBuildFile; productRef = AC8B76D02887AE6E0054A46F /* Kingfisher */; };
		AC8B76D42887AE890054A46F /* Toast in Frameworks */ = {isa = PBXBuildFile; productRef = AC8B76D32887AE890054A46F /* Toast */; };
		ACDF873228864010005E7DA3 /* Search.storyboard in Resources */ = {isa = PBXBuildFile; fileRef = ACDF873128864010005E7DA3 /* Search.storyboard */; };
		ACDF873428864042005E7DA3 /* Trend.storyboard in Resources */ = {isa = PBXBuildFile; fileRef = ACDF873328864042005E7DA3 /* Trend.storyboard */; };
		ACDF873628864088005E7DA3 /* Intro.storyboard in Resources */ = {isa = PBXBuildFile; fileRef = ACDF873528864088005E7DA3 /* Intro.storyboard */; };
		ACFD6BE92885456E000A20F7 /* Setting.storyboard in Resources */ = {isa = PBXBuildFile; fileRef = ACFD6BE82885456E000A20F7 /* Setting.storyboard */; };
		ACFD6BEB28854593000A20F7 /* SettingTableViewController.swift in Sources */ = {isa = PBXBuildFile; fileRef = ACFD6BEA28854593000A20F7 /* SettingTableViewController.swift */; };
/* End PBXBuildFile section */

/* Begin PBXFileReference section */
		AC08C0FC288643FA0097B34C /* TrendViewController.swift */ = {isa = PBXFileReference; lastKnownFileType = sourcecode.swift; path = TrendViewController.swift; sourceTree = "<group>"; };
		AC08C0FE2886440D0097B34C /* SearchViewController.swift */ = {isa = PBXFileReference; lastKnownFileType = sourcecode.swift; path = SearchViewController.swift; sourceTree = "<group>"; };
		AC08C100288645310097B34C /* UIViewController+Extension.swift */ = {isa = PBXFileReference; lastKnownFileType = sourcecode.swift; path = "UIViewController+Extension.swift"; sourceTree = "<group>"; };
		AC08C1022886478E0097B34C /* UITextFeild+Extension.swift */ = {isa = PBXFileReference; lastKnownFileType = sourcecode.swift; path = "UITextFeild+Extension.swift"; sourceTree = "<group>"; };
		AC08C10428864B9B0097B34C /* BucketTableViewController.swift */ = {isa = PBXFileReference; lastKnownFileType = sourcecode.swift; path = BucketTableViewController.swift; sourceTree = "<group>"; };
		AC08C10628864D990097B34C /* BucketlistTableViewCell.swift */ = {isa = PBXFileReference; lastKnownFileType = sourcecode.swift; path = BucketlistTableViewCell.swift; sourceTree = "<group>"; };
		AC17578828869AE400B61D0D /* Shopping.storyboard */ = {isa = PBXFileReference; lastKnownFileType = file.storyboard; path = Shopping.storyboard; sourceTree = "<group>"; };
		AC17578A28869B1200B61D0D /* ShoppingTableViewController.swift */ = {isa = PBXFileReference; lastKnownFileType = sourcecode.swift; path = ShoppingTableViewController.swift; sourceTree = "<group>"; };
		AC605C7E2884DDF30023D46F /* TrandeMedia_SeSACWeek3.app */ = {isa = PBXFileReference; explicitFileType = wrapper.application; includeInIndex = 0; path = TrandeMedia_SeSACWeek3.app; sourceTree = BUILT_PRODUCTS_DIR; };
		AC605C812884DDF30023D46F /* AppDelegate.swift */ = {isa = PBXFileReference; lastKnownFileType = sourcecode.swift; path = AppDelegate.swift; sourceTree = "<group>"; };
		AC605C832884DDF30023D46F /* SceneDelegate.swift */ = {isa = PBXFileReference; lastKnownFileType = sourcecode.swift; path = SceneDelegate.swift; sourceTree = "<group>"; };
		AC605C852884DDF30023D46F /* ViewController.swift */ = {isa = PBXFileReference; lastKnownFileType = sourcecode.swift; path = ViewController.swift; sourceTree = "<group>"; };
		AC605C882884DDF30023D46F /* Base */ = {isa = PBXFileReference; lastKnownFileType = file.storyboard; name = Base; path = Base.lproj/Main.storyboard; sourceTree = "<group>"; };
		AC605C8A2884DDF40023D46F /* Assets.xcassets */ = {isa = PBXFileReference; lastKnownFileType = folder.assetcatalog; path = Assets.xcassets; sourceTree = "<group>"; };
		AC605C8D2884DDF40023D46F /* Base */ = {isa = PBXFileReference; lastKnownFileType = file.storyboard; name = Base; path = Base.lproj/LaunchScreen.storyboard; sourceTree = "<group>"; };
		AC605C8F2884DDF40023D46F /* Info.plist */ = {isa = PBXFileReference; lastKnownFileType = text.plist.xml; path = Info.plist; sourceTree = "<group>"; };
		AC605C952884F10D0023D46F /* Home.storyboard */ = {isa = PBXFileReference; lastKnownFileType = file.storyboard; path = Home.storyboard; sourceTree = "<group>"; };
		AC605C972884FE390023D46F /* HomeTableViewController.swift */ = {isa = PBXFileReference; lastKnownFileType = sourcecode.swift; path = HomeTableViewController.swift; sourceTree = "<group>"; };
		AC8B76C3288787190054A46F /* PracticeTableViewController.swift */ = {isa = PBXFileReference; lastKnownFileType = sourcecode.swift; path = PracticeTableViewController.swift; sourceTree = "<group>"; };
		AC8B76C52887876D0054A46F /* PracticeTableViewCell.swift */ = {isa = PBXFileReference; lastKnownFileType = sourcecode.swift; path = PracticeTableViewCell.swift; sourceTree = "<group>"; };
		AC8B76C728878CAA0054A46F /* Practice_Movie.swift */ = {isa = PBXFileReference; lastKnownFileType = sourcecode.swift; path = Practice_Movie.swift; sourceTree = "<group>"; };
		AC8B76C9288795350054A46F /* MovieInfo.swift */ = {isa = PBXFileReference; fileEncoding = 4; lastKnownFileType = sourcecode.swift; path = MovieInfo.swift; sourceTree = "<group>"; };
		AC8B76CB28879AB40054A46F /* RecommendCollectionViewController.swift */ = {isa = PBXFileReference; lastKnownFileType = sourcecode.swift; path = RecommendCollectionViewController.swift; sourceTree = "<group>"; };
		AC8B76CD28879DFF0054A46F /* RecommendCollectionViewCell.swift */ = {isa = PBXFileReference; lastKnownFileType = sourcecode.swift; path = RecommendCollectionViewCell.swift; sourceTree = "<group>"; };
		ACDF873128864010005E7DA3 /* Search.storyboard */ = {isa = PBXFileReference; lastKnownFileType = file.storyboard; path = Search.storyboard; sourceTree = "<group>"; };
		ACDF873328864042005E7DA3 /* Trend.storyboard */ = {isa = PBXFileReference; lastKnownFileType = file.storyboard; path = Trend.storyboard; sourceTree = "<group>"; };
		ACDF873528864088005E7DA3 /* Intro.storyboard */ = {isa = PBXFileReference; lastKnownFileType = file.storyboard; path = Intro.storyboard; sourceTree = "<group>"; };
		ACFD6BE82885456E000A20F7 /* Setting.storyboard */ = {isa = PBXFileReference; lastKnownFileType = file.storyboard; path = Setting.storyboard; sourceTree = "<group>"; };
		ACFD6BEA28854593000A20F7 /* SettingTableViewController.swift */ = {isa = PBXFileReference; lastKnownFileType = sourcecode.swift; path = SettingTableViewController.swift; sourceTree = "<group>"; };
/* End PBXFileReference section */

/* Begin PBXFrameworksBuildPhase section */
		AC605C7B2884DDF30023D46F /* Frameworks */ = {
			isa = PBXFrameworksBuildPhase;
			buildActionMask = 2147483647;
			files = (
				AC8B76D42887AE890054A46F /* Toast in Frameworks */,
				AC8B76D12887AE6E0054A46F /* Kingfisher in Frameworks */,
			);
			runOnlyForDeploymentPostprocessing = 0;
		};
/* End PBXFrameworksBuildPhase section */

/* Begin PBXGroup section */
		AC605C752884DDF30023D46F = {
			isa = PBXGroup;
			children = (
				AC605C802884DDF30023D46F /* TrandeMedia_SeSACWeek3 */,
				AC605C7F2884DDF30023D46F /* Products */,
			);
			sourceTree = "<group>";
		};
		AC605C7F2884DDF30023D46F /* Products */ = {
			isa = PBXGroup;
			children = (
				AC605C7E2884DDF30023D46F /* TrandeMedia_SeSACWeek3.app */,
			);
			name = Products;
			sourceTree = "<group>";
		};
		AC605C802884DDF30023D46F /* TrandeMedia_SeSACWeek3 */ = {
			isa = PBXGroup;
			children = (
				AC6FEF9728869A7A0004F21D /* TrendeMedia */,
				AC605C812884DDF30023D46F /* AppDelegate.swift */,
				AC605C832884DDF30023D46F /* SceneDelegate.swift */,
				AC605C852884DDF30023D46F /* ViewController.swift */,
				AC605C872884DDF30023D46F /* Main.storyboard */,
				AC605C8A2884DDF40023D46F /* Assets.xcassets */,
				AC605C8C2884DDF40023D46F /* LaunchScreen.storyboard */,
				AC605C8F2884DDF40023D46F /* Info.plist */,
			);
			path = TrandeMedia_SeSACWeek3;
			sourceTree = "<group>";
		};
		AC6FEF9728869A7A0004F21D /* TrendeMedia */ = {
			isa = PBXGroup;
			children = (
				AC605C952884F10D0023D46F /* Home.storyboard */,
				AC605C972884FE390023D46F /* HomeTableViewController.swift */,
				ACFD6BE82885456E000A20F7 /* Setting.storyboard */,
				AC8B76C52887876D0054A46F /* PracticeTableViewCell.swift */,
				AC8B76C3288787190054A46F /* PracticeTableViewController.swift */,
				AC8B76C9288795350054A46F /* MovieInfo.swift */,
				AC8B76C728878CAA0054A46F /* Practice_Movie.swift */,
				ACFD6BEA28854593000A20F7 /* SettingTableViewController.swift */,
				ACDF873128864010005E7DA3 /* Search.storyboard */,
				AC08C0FE2886440D0097B34C /* SearchViewController.swift */,
				AC08C100288645310097B34C /* UIViewController+Extension.swift */,
				AC08C1022886478E0097B34C /* UITextFeild+Extension.swift */,
				ACDF873328864042005E7DA3 /* Trend.storyboard */,
				AC8B76CD28879DFF0054A46F /* RecommendCollectionViewCell.swift */,
				AC8B76CB28879AB40054A46F /* RecommendCollectionViewController.swift */,
				AC17578828869AE400B61D0D /* Shopping.storyboard */,
				AC17578A28869B1200B61D0D /* ShoppingTableViewController.swift */,
				AC08C10628864D990097B34C /* BucketlistTableViewCell.swift */,
				AC08C10428864B9B0097B34C /* BucketTableViewController.swift */,
				AC08C0FC288643FA0097B34C /* TrendViewController.swift */,
				ACDF873528864088005E7DA3 /* Intro.storyboard */,
			);
			path = TrendeMedia;
			sourceTree = "<group>";
		};
/* End PBXGroup section */

/* Begin PBXNativeTarget section */
		AC605C7D2884DDF30023D46F /* TrandeMedia_SeSACWeek3 */ = {
			isa = PBXNativeTarget;
			buildConfigurationList = AC605C922884DDF40023D46F /* Build configuration list for PBXNativeTarget "TrandeMedia_SeSACWeek3" */;
			buildPhases = (
				AC605C7A2884DDF30023D46F /* Sources */,
				AC605C7B2884DDF30023D46F /* Frameworks */,
				AC605C7C2884DDF30023D46F /* Resources */,
			);
			buildRules = (
			);
			dependencies = (
			);
			name = TrandeMedia_SeSACWeek3;
			packageProductDependencies = (
				AC8B76D02887AE6E0054A46F /* Kingfisher */,
				AC8B76D32887AE890054A46F /* Toast */,
			);
			productName = TrandeMedia_SeSACWeek3;
			productReference = AC605C7E2884DDF30023D46F /* TrandeMedia_SeSACWeek3.app */;
			productType = "com.apple.product-type.application";
		};
/* End PBXNativeTarget section */

/* Begin PBXProject section */
		AC605C762884DDF30023D46F /* Project object */ = {
			isa = PBXProject;
			attributes = {
				BuildIndependentTargetsInParallel = 1;
				LastSwiftUpdateCheck = 1340;
				LastUpgradeCheck = 1340;
				TargetAttributes = {
					AC605C7D2884DDF30023D46F = {
						CreatedOnToolsVersion = 13.4.1;
					};
				};
			};
			buildConfigurationList = AC605C792884DDF30023D46F /* Build configuration list for PBXProject "TrandeMedia_SeSACWeek3" */;
			compatibilityVersion = "Xcode 13.0";
			developmentRegion = en;
			hasScannedForEncodings = 0;
			knownRegions = (
				en,
				Base,
			);
			mainGroup = AC605C752884DDF30023D46F;
			packageReferences = (
				AC8B76CF2887AE6E0054A46F /* XCRemoteSwiftPackageReference "Kingfisher" */,
				AC8B76D22887AE890054A46F /* XCRemoteSwiftPackageReference "Toast-Swift" */,
			);
			productRefGroup = AC605C7F2884DDF30023D46F /* Products */;
			projectDirPath = "";
			projectRoot = "";
			targets = (
				AC605C7D2884DDF30023D46F /* TrandeMedia_SeSACWeek3 */,
			);
		};
/* End PBXProject section */

/* Begin PBXResourcesBuildPhase section */
		AC605C7C2884DDF30023D46F /* Resources */ = {
			isa = PBXResourcesBuildPhase;
			buildActionMask = 2147483647;
			files = (
				ACDF873428864042005E7DA3 /* Trend.storyboard in Resources */,
				AC605C8E2884DDF40023D46F /* LaunchScreen.storyboard in Resources */,
				AC605C8B2884DDF40023D46F /* Assets.xcassets in Resources */,
				ACDF873628864088005E7DA3 /* Intro.storyboard in Resources */,
				ACFD6BE92885456E000A20F7 /* Setting.storyboard in Resources */,
				AC605C892884DDF30023D46F /* Main.storyboard in Resources */,
				AC17578928869AE400B61D0D /* Shopping.storyboard in Resources */,
				ACDF873228864010005E7DA3 /* Search.storyboard in Resources */,
				AC605C962884F10D0023D46F /* Home.storyboard in Resources */,
			);
			runOnlyForDeploymentPostprocessing = 0;
		};
/* End PBXResourcesBuildPhase section */

/* Begin PBXSourcesBuildPhase section */
		AC605C7A2884DDF30023D46F /* Sources */ = {
			isa = PBXSourcesBuildPhase;
			buildActionMask = 2147483647;
			files = (
				AC8B76C62887876D0054A46F /* PracticeTableViewCell.swift in Sources */,
				AC8B76CC28879AB40054A46F /* RecommendCollectionViewController.swift in Sources */,
				AC08C101288645310097B34C /* UIViewController+Extension.swift in Sources */,
				AC8B76C828878CAA0054A46F /* Practice_Movie.swift in Sources */,
				AC8B76C4288787190054A46F /* PracticeTableViewController.swift in Sources */,
				AC17578B28869B1200B61D0D /* ShoppingTableViewController.swift in Sources */,
				AC08C10528864B9B0097B34C /* BucketTableViewController.swift in Sources */,
				AC8B76CA288795350054A46F /* MovieInfo.swift in Sources */,
				AC605C982884FE390023D46F /* HomeTableViewController.swift in Sources */,
				AC08C1032886478E0097B34C /* UITextFeild+Extension.swift in Sources */,
				AC08C0FF2886440D0097B34C /* SearchViewController.swift in Sources */,
				AC605C862884DDF30023D46F /* ViewController.swift in Sources */,
				AC605C822884DDF30023D46F /* AppDelegate.swift in Sources */,
				AC605C842884DDF30023D46F /* SceneDelegate.swift in Sources */,
				AC08C0FD288643FA0097B34C /* TrendViewController.swift in Sources */,
				AC08C10728864D990097B34C /* BucketlistTableViewCell.swift in Sources */,
				ACFD6BEB28854593000A20F7 /* SettingTableViewController.swift in Sources */,
				AC8B76CE28879DFF0054A46F /* RecommendCollectionViewCell.swift in Sources */,
			);
			runOnlyForDeploymentPostprocessing = 0;
		};
/* End PBXSourcesBuildPhase section */

/* Begin PBXVariantGroup section */
		AC605C872884DDF30023D46F /* Main.storyboard */ = {
			isa = PBXVariantGroup;
			children = (
				AC605C882884DDF30023D46F /* Base */,
			);
			name = Main.storyboard;
			sourceTree = "<group>";
		};
		AC605C8C2884DDF40023D46F /* LaunchScreen.storyboard */ = {
			isa = PBXVariantGroup;
			children = (
				AC605C8D2884DDF40023D46F /* Base */,
			);
			name = LaunchScreen.storyboard;
			sourceTree = "<group>";
		};
/* End PBXVariantGroup section */

/* Begin XCBuildConfiguration section */
		AC605C902884DDF40023D46F /* Debug */ = {
			isa = XCBuildConfiguration;
			buildSettings = {
				ALWAYS_SEARCH_USER_PATHS = NO;
				CLANG_ANALYZER_NONNULL = YES;
				CLANG_ANALYZER_NUMBER_OBJECT_CONVERSION = YES_AGGRESSIVE;
				CLANG_CXX_LANGUAGE_STANDARD = "gnu++17";
				CLANG_ENABLE_MODULES = YES;
				CLANG_ENABLE_OBJC_ARC = YES;
				CLANG_ENABLE_OBJC_WEAK = YES;
				CLANG_WARN_BLOCK_CAPTURE_AUTORELEASING = YES;
				CLANG_WARN_BOOL_CONVERSION = YES;
				CLANG_WARN_COMMA = YES;
				CLANG_WARN_CONSTANT_CONVERSION = YES;
				CLANG_WARN_DEPRECATED_OBJC_IMPLEMENTATIONS = YES;
				CLANG_WARN_DIRECT_OBJC_ISA_USAGE = YES_ERROR;
				CLANG_WARN_DOCUMENTATION_COMMENTS = YES;
				CLANG_WARN_EMPTY_BODY = YES;
				CLANG_WARN_ENUM_CONVERSION = YES;
				CLANG_WARN_INFINITE_RECURSION = YES;
				CLANG_WARN_INT_CONVERSION = YES;
				CLANG_WARN_NON_LITERAL_NULL_CONVERSION = YES;
				CLANG_WARN_OBJC_IMPLICIT_RETAIN_SELF = YES;
				CLANG_WARN_OBJC_LITERAL_CONVERSION = YES;
				CLANG_WARN_OBJC_ROOT_CLASS = YES_ERROR;
				CLANG_WARN_QUOTED_INCLUDE_IN_FRAMEWORK_HEADER = YES;
				CLANG_WARN_RANGE_LOOP_ANALYSIS = YES;
				CLANG_WARN_STRICT_PROTOTYPES = YES;
				CLANG_WARN_SUSPICIOUS_MOVE = YES;
				CLANG_WARN_UNGUARDED_AVAILABILITY = YES_AGGRESSIVE;
				CLANG_WARN_UNREACHABLE_CODE = YES;
				CLANG_WARN__DUPLICATE_METHOD_MATCH = YES;
				COPY_PHASE_STRIP = NO;
				DEBUG_INFORMATION_FORMAT = dwarf;
				ENABLE_STRICT_OBJC_MSGSEND = YES;
				ENABLE_TESTABILITY = YES;
				GCC_C_LANGUAGE_STANDARD = gnu11;
				GCC_DYNAMIC_NO_PIC = NO;
				GCC_NO_COMMON_BLOCKS = YES;
				GCC_OPTIMIZATION_LEVEL = 0;
				GCC_PREPROCESSOR_DEFINITIONS = (
					"DEBUG=1",
					"$(inherited)",
				);
				GCC_WARN_64_TO_32_BIT_CONVERSION = YES;
				GCC_WARN_ABOUT_RETURN_TYPE = YES_ERROR;
				GCC_WARN_UNDECLARED_SELECTOR = YES;
				GCC_WARN_UNINITIALIZED_AUTOS = YES_AGGRESSIVE;
				GCC_WARN_UNUSED_FUNCTION = YES;
				GCC_WARN_UNUSED_VARIABLE = YES;
				IPHONEOS_DEPLOYMENT_TARGET = 15.5;
				MTL_ENABLE_DEBUG_INFO = INCLUDE_SOURCE;
				MTL_FAST_MATH = YES;
				ONLY_ACTIVE_ARCH = YES;
				SDKROOT = iphoneos;
				SWIFT_ACTIVE_COMPILATION_CONDITIONS = DEBUG;
				SWIFT_OPTIMIZATION_LEVEL = "-Onone";
			};
			name = Debug;
		};
		AC605C912884DDF40023D46F /* Release */ = {
			isa = XCBuildConfiguration;
			buildSettings = {
				ALWAYS_SEARCH_USER_PATHS = NO;
				CLANG_ANALYZER_NONNULL = YES;
				CLANG_ANALYZER_NUMBER_OBJECT_CONVERSION = YES_AGGRESSIVE;
				CLANG_CXX_LANGUAGE_STANDARD = "gnu++17";
				CLANG_ENABLE_MODULES = YES;
				CLANG_ENABLE_OBJC_ARC = YES;
				CLANG_ENABLE_OBJC_WEAK = YES;
				CLANG_WARN_BLOCK_CAPTURE_AUTORELEASING = YES;
				CLANG_WARN_BOOL_CONVERSION = YES;
				CLANG_WARN_COMMA = YES;
				CLANG_WARN_CONSTANT_CONVERSION = YES;
				CLANG_WARN_DEPRECATED_OBJC_IMPLEMENTATIONS = YES;
				CLANG_WARN_DIRECT_OBJC_ISA_USAGE = YES_ERROR;
				CLANG_WARN_DOCUMENTATION_COMMENTS = YES;
				CLANG_WARN_EMPTY_BODY = YES;
				CLANG_WARN_ENUM_CONVERSION = YES;
				CLANG_WARN_INFINITE_RECURSION = YES;
				CLANG_WARN_INT_CONVERSION = YES;
				CLANG_WARN_NON_LITERAL_NULL_CONVERSION = YES;
				CLANG_WARN_OBJC_IMPLICIT_RETAIN_SELF = YES;
				CLANG_WARN_OBJC_LITERAL_CONVERSION = YES;
				CLANG_WARN_OBJC_ROOT_CLASS = YES_ERROR;
				CLANG_WARN_QUOTED_INCLUDE_IN_FRAMEWORK_HEADER = YES;
				CLANG_WARN_RANGE_LOOP_ANALYSIS = YES;
				CLANG_WARN_STRICT_PROTOTYPES = YES;
				CLANG_WARN_SUSPICIOUS_MOVE = YES;
				CLANG_WARN_UNGUARDED_AVAILABILITY = YES_AGGRESSIVE;
				CLANG_WARN_UNREACHABLE_CODE = YES;
				CLANG_WARN__DUPLICATE_METHOD_MATCH = YES;
				COPY_PHASE_STRIP = NO;
				DEBUG_INFORMATION_FORMAT = "dwarf-with-dsym";
				ENABLE_NS_ASSERTIONS = NO;
				ENABLE_STRICT_OBJC_MSGSEND = YES;
				GCC_C_LANGUAGE_STANDARD = gnu11;
				GCC_NO_COMMON_BLOCKS = YES;
				GCC_WARN_64_TO_32_BIT_CONVERSION = YES;
				GCC_WARN_ABOUT_RETURN_TYPE = YES_ERROR;
				GCC_WARN_UNDECLARED_SELECTOR = YES;
				GCC_WARN_UNINITIALIZED_AUTOS = YES_AGGRESSIVE;
				GCC_WARN_UNUSED_FUNCTION = YES;
				GCC_WARN_UNUSED_VARIABLE = YES;
				IPHONEOS_DEPLOYMENT_TARGET = 15.5;
				MTL_ENABLE_DEBUG_INFO = NO;
				MTL_FAST_MATH = YES;
				SDKROOT = iphoneos;
				SWIFT_COMPILATION_MODE = wholemodule;
				SWIFT_OPTIMIZATION_LEVEL = "-O";
				VALIDATE_PRODUCT = YES;
			};
			name = Release;
		};
		AC605C932884DDF40023D46F /* Debug */ = {
			isa = XCBuildConfiguration;
			buildSettings = {
				ASSETCATALOG_COMPILER_APPICON_NAME = AppIcon;
				ASSETCATALOG_COMPILER_GLOBAL_ACCENT_COLOR_NAME = AccentColor;
				CODE_SIGN_STYLE = Automatic;
				CURRENT_PROJECT_VERSION = 1;
				DEVELOPMENT_TEAM = Q83JD2ZC9T;
				GENERATE_INFOPLIST_FILE = YES;
				INFOPLIST_FILE = TrandeMedia_SeSACWeek3/Info.plist;
				INFOPLIST_KEY_UIApplicationSupportsIndirectInputEvents = YES;
				INFOPLIST_KEY_UILaunchStoryboardName = LaunchScreen;
				INFOPLIST_KEY_UIMainStoryboardFile = Main;
				INFOPLIST_KEY_UISupportedInterfaceOrientations_iPad = "UIInterfaceOrientationPortrait UIInterfaceOrientationPortraitUpsideDown UIInterfaceOrientationLandscapeLeft UIInterfaceOrientationLandscapeRight";
				INFOPLIST_KEY_UISupportedInterfaceOrientations_iPhone = "UIInterfaceOrientationPortrait UIInterfaceOrientationLandscapeLeft UIInterfaceOrientationLandscapeRight";
				LD_RUNPATH_SEARCH_PATHS = (
					"$(inherited)",
					"@executable_path/Frameworks",
				);
				MARKETING_VERSION = 1.0;
				PRODUCT_BUNDLE_IDENTIFIER = "KyungsupGo.TrandeMedia-SeSACWeek3";
				PRODUCT_NAME = "$(TARGET_NAME)";
				SWIFT_EMIT_LOC_STRINGS = YES;
				SWIFT_VERSION = 5.0;
				TARGETED_DEVICE_FAMILY = "1,2";
			};
			name = Debug;
		};
		AC605C942884DDF40023D46F /* Release */ = {
			isa = XCBuildConfiguration;
			buildSettings = {
				ASSETCATALOG_COMPILER_APPICON_NAME = AppIcon;
				ASSETCATALOG_COMPILER_GLOBAL_ACCENT_COLOR_NAME = AccentColor;
				CODE_SIGN_STYLE = Automatic;
				CURRENT_PROJECT_VERSION = 1;
				DEVELOPMENT_TEAM = Q83JD2ZC9T;
				GENERATE_INFOPLIST_FILE = YES;
				INFOPLIST_FILE = TrandeMedia_SeSACWeek3/Info.plist;
				INFOPLIST_KEY_UIApplicationSupportsIndirectInputEvents = YES;
				INFOPLIST_KEY_UILaunchStoryboardName = LaunchScreen;
				INFOPLIST_KEY_UIMainStoryboardFile = Main;
				INFOPLIST_KEY_UISupportedInterfaceOrientations_iPad = "UIInterfaceOrientationPortrait UIInterfaceOrientationPortraitUpsideDown UIInterfaceOrientationLandscapeLeft UIInterfaceOrientationLandscapeRight";
				INFOPLIST_KEY_UISupportedInterfaceOrientations_iPhone = "UIInterfaceOrientationPortrait UIInterfaceOrientationLandscapeLeft UIInterfaceOrientationLandscapeRight";
				LD_RUNPATH_SEARCH_PATHS = (
					"$(inherited)",
					"@executable_path/Frameworks",
				);
				MARKETING_VERSION = 1.0;
				PRODUCT_BUNDLE_IDENTIFIER = "KyungsupGo.TrandeMedia-SeSACWeek3";
				PRODUCT_NAME = "$(TARGET_NAME)";
				SWIFT_EMIT_LOC_STRINGS = YES;
				SWIFT_VERSION = 5.0;
				TARGETED_DEVICE_FAMILY = "1,2";
			};
			name = Release;
		};
/* End XCBuildConfiguration section */

/* Begin XCConfigurationList section */
		AC605C792884DDF30023D46F /* Build configuration list for PBXProject "TrandeMedia_SeSACWeek3" */ = {
			isa = XCConfigurationList;
			buildConfigurations = (
				AC605C902884DDF40023D46F /* Debug */,
				AC605C912884DDF40023D46F /* Release */,
			);
			defaultConfigurationIsVisible = 0;
			defaultConfigurationName = Release;
		};
		AC605C922884DDF40023D46F /* Build configuration list for PBXNativeTarget "TrandeMedia_SeSACWeek3" */ = {
			isa = XCConfigurationList;
			buildConfigurations = (
				AC605C932884DDF40023D46F /* Debug */,
				AC605C942884DDF40023D46F /* Release */,
			);
			defaultConfigurationIsVisible = 0;
			defaultConfigurationName = Release;
		};
/* End XCConfigurationList section */

/* Begin XCRemoteSwiftPackageReference section */
		AC8B76CF2887AE6E0054A46F /* XCRemoteSwiftPackageReference "Kingfisher" */ = {
			isa = XCRemoteSwiftPackageReference;
			repositoryURL = "git@github.com:onevcat/Kingfisher.git";
			requirement = {
				kind = upToNextMajorVersion;
				minimumVersion = 7.0.0;
			};
		};
		AC8B76D22887AE890054A46F /* XCRemoteSwiftPackageReference "Toast-Swift" */ = {
			isa = XCRemoteSwiftPackageReference;
			repositoryURL = "git@github.com:scalessec/Toast-Swift.git";
			requirement = {
				kind = upToNextMajorVersion;
				minimumVersion = 5.0.0;
			};
		};
/* End XCRemoteSwiftPackageReference section */

/* Begin XCSwiftPackageProductDependency section */
		AC8B76D02887AE6E0054A46F /* Kingfisher */ = {
			isa = XCSwiftPackageProductDependency;
			package = AC8B76CF2887AE6E0054A46F /* XCRemoteSwiftPackageReference "Kingfisher" */;
			productName = Kingfisher;
		};
		AC8B76D32887AE890054A46F /* Toast */ = {
			isa = XCSwiftPackageProductDependency;
			package = AC8B76D22887AE890054A46F /* XCRemoteSwiftPackageReference "Toast-Swift" */;
			productName = Toast;
		};
/* End XCSwiftPackageProductDependency section */
	};
	rootObject = AC605C762884DDF30023D46F /* Project object */;
}
